# THIS IS AN AUTOGENERATED FILE. DO NOT EDIT THIS FILE DIRECTLY.
# yarn lockfile v1


google-protobuf@^3.6.1:
  version "3.8.0"
  resolved "https://registry.yarnpkg.com/google-protobuf/-/google-protobuf-3.8.0.tgz#4fd2ee3a97751cb543dc5de85ffd264aff9f4980"
  integrity sha512-tx39PTc//HaIT7K/baUF/8JYLGDozEi1e4xwPP1qSx3InP78cNpbSJpxiDsDMwj77qNOndVBDXnn7oi9zKxZew==

ts-protoc-gen@^0.10.0:
  version "0.10.0"
  resolved "https://registry.yarnpkg.com/ts-protoc-gen/-/ts-protoc-gen-0.10.0.tgz#f708d99be59ad0be6bdce6f4fe893ec41757d2c9"
  integrity sha512-EEbgDWNHK3CvcNhmib94I4HMO23qLddjLRdXW8EUE11VJxbi3n5J0l2DiX/L1pijOaPTkbEoRK+zQinKgKGqsw==
  dependencies:
    google-protobuf "^3.6.1"
